Microsoft Visual Studio Solution File, Format Version 11.00
# Visual Studio 2008

Project("{DE29B358-BB26-8009-41F7-93A5FC0A89D5}") = "TeamPurpleProject", "Assembly-CSharp-vs.csproj", "{289A35F2-BA46-B1B3-33FA-3EF86ACCFE07}"
EndProject
Global
	GlobalSection(SolutionConfigurationPlatforms) = preSolution
		Debug|Any CPU = Debug|Any CPU
		Release|Any CPU = Release|Any CPU
	EndGlobalSection
	GlobalSection(ProjectConfigurationPlatforms) = postSolution
		{289A35F2-BA46-B1B3-33FA-3EF86ACCFE07}.Debug|Any CPU.ActiveCfg = Debug|Any CPU
		{289A35F2-BA46-B1B3-33FA-3EF86ACCFE07}.Debug|Any CPU.Build.0 = Debug|Any CPU
		{289A35F2-BA46-B1B3-33FA-3EF86ACCFE07}.Release|Any CPU.ActiveCfg = Release|Any CPU
		{289A35F2-BA46-B1B3-33FA-3EF86ACCFE07}.Release|Any CPU.Build.0 = Release|Any CPU
	EndGlobalSection
	GlobalSection(SolutionProperties) = preSolution
		HideSolutionNode = FALSE
	EndGlobalSection
							GlobalSection(MonoDevelopProperties) = preSolution
		StartupItem = Assembly-CSharp.csproj
		Policies = $0
		$0.TextStylePolicy = $1
		$1.inheritsSet = null
		$1.scope = text/x-csharp
		$0.CSharpFormattingPolicy = $2
		$2.inheritsSet = Mono
		$2.inheritsScope = text/x-csharp
		$2.scope = text/x-csharp
		$0.TextStylePolicy = $3
		$3.FileWidth = 120
		$3.TabWidth = 4
		$3.EolMarker = Unix
		$3.inheritsSet = Mono
		$3.inheritsScope = text/plain
		$3.scope = text/plain
	EndGlobalSection

EndGlobal
